
Microsoft Visual Studio Solution File, Format Version 12.00
# Visual Studio Version 17
VisualStudioVersion = 17.7.34221.43
MinimumVisualStudioVersion = 10.0.40219.1
Project("{FAE04EC0-301F-11D3-BF4B-00C04F79EFBC}") = "SkillsLabAssignment", "SkillsLabAssignment\SkillsLabAssignment.csproj", "{DDC6087C-5AEE-4104-BEAA-4C6D6976342A}"
EndProject
Project("{FAE04EC0-301F-11D3-BF4B-00C04F79EFBC}") = "BusinessLayer", "BusinessLayer\BusinessLayer.csproj", "{8DA11999-9D0A-469E-A9FC-E4D249389C27}"
EndProject
Project("{FAE04EC0-301F-11D3-BF4B-00C04F79EFBC}") = "DataAccessLayer", "DataAccessLayer\DataAccessLayer.csproj", "{75B81D09-EF32-4B3D-BB85-A2A31C65C73F}"
EndProject
Global
	GlobalSection(SolutionConfigurationPlatforms) = preSolution
		Debug|Any CPU = Debug|Any CPU
		Release|Any CPU = Release|Any CPU
	EndGlobalSection
	GlobalSection(ProjectConfigurationPlatforms) = postSolution
		{DDC6087C-5AEE-4104-BEAA-4C6D6976342A}.Debug|Any CPU.ActiveCfg = Debug|Any CPU
		{DDC6087C-5AEE-4104-BEAA-4C6D6976342A}.Debug|Any CPU.Build.0 = Debug|Any CPU
		{DDC6087C-5AEE-4104-BEAA-4C6D6976342A}.Release|Any CPU.ActiveCfg = Release|Any CPU
		{DDC6087C-5AEE-4104-BEAA-4C6D6976342A}.Release|Any CPU.Build.0 = Release|Any CPU
		{8DA11999-9D0A-469E-A9FC-E4D249389C27}.Debug|Any CPU.ActiveCfg = Debug|Any CPU
		{8DA11999-9D0A-469E-A9FC-E4D249389C27}.Debug|Any CPU.Build.0 = Debug|Any CPU
		{8DA11999-9D0A-469E-A9FC-E4D249389C27}.Release|Any CPU.ActiveCfg = Release|Any CPU
		{8DA11999-9D0A-469E-A9FC-E4D249389C27}.Release|Any CPU.Build.0 = Release|Any CPU
		{75B81D09-EF32-4B3D-BB85-A2A31C65C73F}.Debug|Any CPU.ActiveCfg = Debug|Any CPU
		{75B81D09-EF32-4B3D-BB85-A2A31C65C73F}.Debug|Any CPU.Build.0 = Debug|Any CPU
		{75B81D09-EF32-4B3D-BB85-A2A31C65C73F}.Release|Any CPU.ActiveCfg = Release|Any CPU
		{75B81D09-EF32-4B3D-BB85-A2A31C65C73F}.Release|Any CPU.Build.0 = Release|Any CPU
	EndGlobalSection
	GlobalSection(SolutionProperties) = preSolution
		HideSolutionNode = FALSE
	EndGlobalSection
	GlobalSection(ExtensibilityGlobals) = postSolution
		SolutionGuid = {68533011-220A-4EAB-998A-0D6A97184F49}
	EndGlobalSection
EndGlobal
